{
  "requires": true,
  "lockfileVersion": 1,
  "dependencies": {
    "fanguanglei_2005": {
      "version": "1.0.0",
      "resolved": "https://registry.npmjs.org/fanguanglei_2005/-/fanguanglei_2005-1.0.0.tgz",
      "integrity": "sha512-ue+Y/TZN1vg22I+hcKLaER6IGrPc9oWD8vP1ahj0Yi9YEMK1Y0lRqtXmZrRUbgGYIzlmjHNNSTl39MSxu6FTgA=="
    }
  }
}
